
Microsoft Visual Studio Solution File, Format Version 12.00
# Visual Studio Version 16
VisualStudioVersion = 16.0.31424.327
MinimumVisualStudioVersion = 10.0.40219.1
Project("{FAE04EC0-301F-11D3-BF4B-00C04F79EFBC}") = "CalculadoraBasica", "CalculadoraBasica\CalculadoraBasica.csproj", "{12DC11FA-FDB3-48CF-8C8A-A90390AB5B8B}"
EndProject
Global
	GlobalSection(SolutionConfigurationPlatforms) = preSolution
		Debug|Any CPU = Debug|Any CPU
		Release|Any CPU = Release|Any CPU
	EndGlobalSection
	GlobalSection(ProjectConfigurationPlatforms) = postSolution
		{12DC11FA-FDB3-48CF-8C8A-A90390AB5B8B}.Debug|Any CPU.ActiveCfg = Debug|Any CPU
		{12DC11FA-FDB3-48CF-8C8A-A90390AB5B8B}.Debug|Any CPU.Build.0 = Debug|Any CPU
		{12DC11FA-FDB3-48CF-8C8A-A90390AB5B8B}.Release|Any CPU.ActiveCfg = Release|Any CPU
		{12DC11FA-FDB3-48CF-8C8A-A90390AB5B8B}.Release|Any CPU.Build.0 = Release|Any CPU
	EndGlobalSection
	GlobalSection(SolutionProperties) = preSolution
		HideSolutionNode = FALSE
	EndGlobalSection
	GlobalSection(ExtensibilityGlobals) = postSolution
		SolutionGuid = {B71AFCCC-E21F-4893-8540-FD06CE1297AE}
	EndGlobalSection
EndGlobal
